
Microsoft Visual Studio Solution File, Format Version 12.00
# Visual Studio Version 17
VisualStudioVersion = 17.8.34322.80
MinimumVisualStudioVersion = 10.0.40219.1
Project("{FAE04EC0-301F-11D3-BF4B-00C04F79EFBC}") = "ExpenseTracker", "src\ExpenseTracker\ExpenseTracker.csproj", "{15FAB311-C4D1-424A-A4BC-2B577B2CD0E1}"
EndProject
Global
	GlobalSection(SolutionConfigurationPlatforms) = preSolution
		Debug|Any CPU = Debug|Any CPU
		Release|Any CPU = Release|Any CPU
	EndGlobalSection
	GlobalSection(ProjectConfigurationPlatforms) = postSolution
		{15FAB311-C4D1-424A-A4BC-2B577B2CD0E1}.Debug|Any CPU.ActiveCfg = Debug|Any CPU
		{15FAB311-C4D1-424A-A4BC-2B577B2CD0E1}.Debug|Any CPU.Build.0 = Debug|Any CPU
		{15FAB311-C4D1-424A-A4BC-2B577B2CD0E1}.Release|Any CPU.ActiveCfg = Release|Any CPU
		{15FAB311-C4D1-424A-A4BC-2B577B2CD0E1}.Release|Any CPU.Build.0 = Release|Any CPU
	EndGlobalSection
	GlobalSection(SolutionProperties) = preSolution
		HideSolutionNode = FALSE
	EndGlobalSection
	GlobalSection(ExtensibilityGlobals) = postSolution
		SolutionGuid = {5AE46C8C-2D53-4E15-A755-EF13E1D15EDE}
	EndGlobalSection
EndGlobal
